
Microsoft Visual Studio Solution File, Format Version 12.00
# Visual Studio 15
VisualStudioVersion = 15.0.28307.168
MinimumVisualStudioVersion = 10.0.40219.1
Project("{FAE04EC0-301F-11D3-BF4B-00C04F79EFBC}") = "OpenWeather", "OpenWeather\OpenWeather.csproj", "{0DA50D04-9E80-4C45-97EA-5615F1B2CF02}"
EndProject
Project("{FAE04EC0-301F-11D3-BF4B-00C04F79EFBC}") = "Example", "Example\Example.csproj", "{A7210412-22CE-4C5C-8B63-4FFB7A8CFFF7}"
EndProject
Project("{FAE04EC0-301F-11D3-BF4B-00C04F79EFBC}") = "Example UWP", "Example UWP\Example UWP.csproj", "{1CBA658A-4A31-4676-B7D0-14128B328238}"
EndProject
Global
	GlobalSection(SolutionConfigurationPlatforms) = preSolution
		Android|Any CPU = Android|Any CPU
		Android|ARM = Android|ARM
		Android|ARM64 = Android|ARM64
		Android|x64 = Android|x64
		Android|x86 = Android|x86
		Debug|Any CPU = Debug|Any CPU
		Debug|ARM = Debug|ARM
		Debug|ARM64 = Debug|ARM64
		Debug|x64 = Debug|x64
		Debug|x86 = Debug|x86
		Linux|Any CPU = Linux|Any CPU
		Linux|ARM = Linux|ARM
		Linux|ARM64 = Linux|ARM64
		Linux|x64 = Linux|x64
		Linux|x86 = Linux|x86
		Release|Any CPU = Release|Any CPU
		Release|ARM = Release|ARM
		Release|ARM64 = Release|ARM64
		Release|x64 = Release|x64
		Release|x86 = Release|x86
		Windows|Any CPU = Windows|Any CPU
		Windows|ARM = Windows|ARM
		Windows|ARM64 = Windows|ARM64
		Windows|x64 = Windows|x64
		Windows|x86 = Windows|x86
	EndGlobalSection
	GlobalSection(ProjectConfigurationPlatforms) = postSolution
		{0DA50D04-9E80-4C45-97EA-5615F1B2CF02}.Android|Any CPU.ActiveCfg = Android|Any CPU
		{0DA50D04-9E80-4C45-97EA-5615F1B2CF02}.Android|Any CPU.Build.0 = Android|Any CPU
		{0DA50D04-9E80-4C45-97EA-5615F1B2CF02}.Android|ARM.ActiveCfg = Android|Any CPU
		{0DA50D04-9E80-4C45-97EA-5615F1B2CF02}.Android|ARM.Build.0 = Android|Any CPU
		{0DA50D04-9E80-4C45-97EA-5615F1B2CF02}.Android|ARM64.ActiveCfg = Android|Any CPU
		{0DA50D04-9E80-4C45-97EA-5615F1B2CF02}.Android|ARM64.Build.0 = Android|Any CPU
		{0DA50D04-9E80-4C45-97EA-5615F1B2CF02}.Android|x64.ActiveCfg = Android|Any CPU
		{0DA50D04-9E80-4C45-97EA-5615F1B2CF02}.Android|x64.Build.0 = Android|Any CPU
		{0DA50D04-9E80-4C45-97EA-5615F1B2CF02}.Android|x86.ActiveCfg = Android|Any CPU
		{0DA50D04-9E80-4C45-97EA-5615F1B2CF02}.Android|x86.Build.0 = Android|Any CPU
		{0DA50D04-9E80-4C45-97EA-5615F1B2CF02}.Debug|Any CPU.ActiveCfg = Debug|Any CPU
		{0DA50D04-9E80-4C45-97EA-5615F1B2CF02}.Debug|Any CPU.Build.0 = Debug|Any CPU
		{0DA50D04-9E80-4C45-97EA-5615F1B2CF02}.Debug|ARM.ActiveCfg = Debug|Any CPU
		{0DA50D04-9E80-4C45-97EA-5615F1B2CF02}.Debug|ARM.Build.0 = Debug|Any CPU
		{0DA50D04-9E80-4C45-97EA-5615F1B2CF02}.Debug|ARM64.ActiveCfg = Debug|Any CPU
		{0DA50D04-9E80-4C45-97EA-5615F1B2CF02}.Debug|ARM64.Build.0 = Debug|Any CPU
		{0DA50D04-9E80-4C45-97EA-5615F1B2CF02}.Debug|x64.ActiveCfg = Debug|Any CPU
		{0DA50D04-9E80-4C45-97EA-5615F1B2CF02}.Debug|x64.Build.0 = Debug|Any CPU
		{0DA50D04-9E80-4C45-97EA-5615F1B2CF02}.Debug|x86.ActiveCfg = Debug|x86
		{0DA50D04-9E80-4C45-97EA-5615F1B2CF02}.Debug|x86.Build.0 = Debug|x86
		{0DA50D04-9E80-4C45-97EA-5615F1B2CF02}.Linux|Any CPU.ActiveCfg = Linux|Any CPU
		{0DA50D04-9E80-4C45-97EA-5615F1B2CF02}.Linux|Any CPU.Build.0 = Linux|Any CPU
		{0DA50D04-9E80-4C45-97EA-5615F1B2CF02}.Linux|ARM.ActiveCfg = Linux|Any CPU
		{0DA50D04-9E80-4C45-97EA-5615F1B2CF02}.Linux|ARM.Build.0 = Linux|Any CPU
		{0DA50D04-9E80-4C45-97EA-5615F1B2CF02}.Linux|ARM64.ActiveCfg = Linux|Any CPU
		{0DA50D04-9E80-4C45-97EA-5615F1B2CF02}.Linux|ARM64.Build.0 = Linux|Any CPU
		{0DA50D04-9E80-4C45-97EA-5615F1B2CF02}.Linux|x64.ActiveCfg = Linux|Any CPU
		{0DA50D04-9E80-4C45-97EA-5615F1B2CF02}.Linux|x64.Build.0 = Linux|Any CPU
		{0DA50D04-9E80-4C45-97EA-5615F1B2CF02}.Linux|x86.ActiveCfg = Linux|Any CPU
		{0DA50D04-9E80-4C45-97EA-5615F1B2CF02}.Linux|x86.Build.0 = Linux|Any CPU
		{0DA50D04-9E80-4C45-97EA-5615F1B2CF02}.Release|Any CPU.ActiveCfg = Linux|Any CPU
		{0DA50D04-9E80-4C45-97EA-5615F1B2CF02}.Release|Any CPU.Build.0 = Linux|Any CPU
		{0DA50D04-9E80-4C45-97EA-5615F1B2CF02}.Release|ARM.ActiveCfg = Windows|Any CPU
		{0DA50D04-9E80-4C45-97EA-5615F1B2CF02}.Release|ARM.Build.0 = Windows|Any CPU
		{0DA50D04-9E80-4C45-97EA-5615F1B2CF02}.Release|ARM64.ActiveCfg = Windows|Any CPU
		{0DA50D04-9E80-4C45-97EA-5615F1B2CF02}.Release|ARM64.Build.0 = Windows|Any CPU
		{0DA50D04-9E80-4C45-97EA-5615F1B2CF02}.Release|x64.ActiveCfg = Windows|Any CPU
		{0DA50D04-9E80-4C45-97EA-5615F1B2CF02}.Release|x64.Build.0 = Windows|Any CPU
		{0DA50D04-9E80-4C45-97EA-5615F1B2CF02}.Release|x86.ActiveCfg = Windows|Any CPU
		{0DA50D04-9E80-4C45-97EA-5615F1B2CF02}.Release|x86.Build.0 = Windows|Any CPU
		{0DA50D04-9E80-4C45-97EA-5615F1B2CF02}.Windows|Any CPU.ActiveCfg = Windows|Any CPU
		{0DA50D04-9E80-4C45-97EA-5615F1B2CF02}.Windows|Any CPU.Build.0 = Windows|Any CPU
		{0DA50D04-9E80-4C45-97EA-5615F1B2CF02}.Windows|ARM.ActiveCfg = Windows|Any CPU
		{0DA50D04-9E80-4C45-97EA-5615F1B2CF02}.Windows|ARM.Build.0 = Windows|Any CPU
		{0DA50D04-9E80-4C45-97EA-5615F1B2CF02}.Windows|ARM64.ActiveCfg = Windows|Any CPU
		{0DA50D04-9E80-4C45-97EA-5615F1B2CF02}.Windows|ARM64.Build.0 = Windows|Any CPU
		{0DA50D04-9E80-4C45-97EA-5615F1B2CF02}.Windows|x64.ActiveCfg = Windows|Any CPU
		{0DA50D04-9E80-4C45-97EA-5615F1B2CF02}.Windows|x64.Build.0 = Windows|Any CPU
		{0DA50D04-9E80-4C45-97EA-5615F1B2CF02}.Windows|x86.ActiveCfg = Windows|Any CPU
		{0DA50D04-9E80-4C45-97EA-5615F1B2CF02}.Windows|x86.Build.0 = Windows|Any CPU
		{A7210412-22CE-4C5C-8B63-4FFB7A8CFFF7}.Android|Any CPU.ActiveCfg = Debug|Any CPU
		{A7210412-22CE-4C5C-8B63-4FFB7A8CFFF7}.Android|Any CPU.Build.0 = Debug|Any CPU
		{A7210412-22CE-4C5C-8B63-4FFB7A8CFFF7}.Android|ARM.ActiveCfg = Release|Any CPU
		{A7210412-22CE-4C5C-8B63-4FFB7A8CFFF7}.Android|ARM.Build.0 = Release|Any CPU
		{A7210412-22CE-4C5C-8B63-4FFB7A8CFFF7}.Android|ARM64.ActiveCfg = Release|Any CPU
		{A7210412-22CE-4C5C-8B63-4FFB7A8CFFF7}.Android|ARM64.Build.0 = Release|Any CPU
		{A7210412-22CE-4C5C-8B63-4FFB7A8CFFF7}.Android|x64.ActiveCfg = Release|Any CPU
		{A7210412-22CE-4C5C-8B63-4FFB7A8CFFF7}.Android|x64.Build.0 = Release|Any CPU
		{A7210412-22CE-4C5C-8B63-4FFB7A8CFFF7}.Android|x86.ActiveCfg = Release|Any CPU
		{A7210412-22CE-4C5C-8B63-4FFB7A8CFFF7}.Android|x86.Build.0 = Release|Any CPU
		{A7210412-22CE-4C5C-8B63-4FFB7A8CFFF7}.Debug|Any CPU.ActiveCfg = Debug|Any CPU
		{A7210412-22CE-4C5C-8B63-4FFB7A8CFFF7}.Debug|Any CPU.Build.0 = Debug|Any CPU
		{A7210412-22CE-4C5C-8B63-4FFB7A8CFFF7}.Debug|ARM.ActiveCfg = Debug|Any CPU
		{A7210412-22CE-4C5C-8B63-4FFB7A8CFFF7}.Debug|ARM.Build.0 = Debug|Any CPU
		{A7210412-22CE-4C5C-8B63-4FFB7A8CFFF7}.Debug|ARM64.ActiveCfg = Debug|Any CPU
		{A7210412-22CE-4C5C-8B63-4FFB7A8CFFF7}.Debug|ARM64.Build.0 = Debug|Any CPU
		{A7210412-22CE-4C5C-8B63-4FFB7A8CFFF7}.Debug|x64.ActiveCfg = Debug|Any CPU
		{A7210412-22CE-4C5C-8B63-4FFB7A8CFFF7}.Debug|x64.Build.0 = Debug|Any CPU
		{A7210412-22CE-4C5C-8B63-4FFB7A8CFFF7}.Debug|x86.ActiveCfg = Debug|x86
		{A7210412-22CE-4C5C-8B63-4FFB7A8CFFF7}.Debug|x86.Build.0 = Debug|x86
		{A7210412-22CE-4C5C-8B63-4FFB7A8CFFF7}.Linux|Any CPU.ActiveCfg = Debug|Any CPU
		{A7210412-22CE-4C5C-8B63-4FFB7A8CFFF7}.Linux|Any CPU.Build.0 = Debug|Any CPU
		{A7210412-22CE-4C5C-8B63-4FFB7A8CFFF7}.Linux|ARM.ActiveCfg = Release|Any CPU
		{A7210412-22CE-4C5C-8B63-4FFB7A8CFFF7}.Linux|ARM.Build.0 = Release|Any CPU
		{A7210412-22CE-4C5C-8B63-4FFB7A8CFFF7}.Linux|ARM64.ActiveCfg = Release|Any CPU
		{A7210412-22CE-4C5C-8B63-4FFB7A8CFFF7}.Linux|ARM64.Build.0 = Release|Any CPU
		{A7210412-22CE-4C5C-8B63-4FFB7A8CFFF7}.Linux|x64.ActiveCfg = Release|Any CPU
		{A7210412-22CE-4C5C-8B63-4FFB7A8CFFF7}.Linux|x64.Build.0 = Release|Any CPU
		{A7210412-22CE-4C5C-8B63-4FFB7A8CFFF7}.Linux|x86.ActiveCfg = Release|Any CPU
		{A7210412-22CE-4C5C-8B63-4FFB7A8CFFF7}.Linux|x86.Build.0 = Release|Any CPU
		{A7210412-22CE-4C5C-8B63-4FFB7A8CFFF7}.Release|Any CPU.ActiveCfg = Release|Any CPU
		{A7210412-22CE-4C5C-8B63-4FFB7A8CFFF7}.Release|Any CPU.Build.0 = Release|Any CPU
		{A7210412-22CE-4C5C-8B63-4FFB7A8CFFF7}.Release|ARM.ActiveCfg = Release|Any CPU
		{A7210412-22CE-4C5C-8B63-4FFB7A8CFFF7}.Release|ARM.Build.0 = Release|Any CPU
		{A7210412-22CE-4C5C-8B63-4FFB7A8CFFF7}.Release|ARM64.ActiveCfg = Release|Any CPU
		{A7210412-22CE-4C5C-8B63-4FFB7A8CFFF7}.Release|ARM64.Build.0 = Release|Any CPU
		{A7210412-22CE-4C5C-8B63-4FFB7A8CFFF7}.Release|x64.ActiveCfg = Release|Any CPU
		{A7210412-22CE-4C5C-8B63-4FFB7A8CFFF7}.Release|x64.Build.0 = Release|Any CPU
		{A7210412-22CE-4C5C-8B63-4FFB7A8CFFF7}.Release|x86.ActiveCfg = Release|Any CPU
		{A7210412-22CE-4C5C-8B63-4FFB7A8CFFF7}.Release|x86.Build.0 = Release|Any CPU
		{A7210412-22CE-4C5C-8B63-4FFB7A8CFFF7}.Windows|Any CPU.ActiveCfg = Debug|Any CPU
		{A7210412-22CE-4C5C-8B63-4FFB7A8CFFF7}.Windows|Any CPU.Build.0 = Debug|Any CPU
		{A7210412-22CE-4C5C-8B63-4FFB7A8CFFF7}.Windows|ARM.ActiveCfg = Release|Any CPU
		{A7210412-22CE-4C5C-8B63-4FFB7A8CFFF7}.Windows|ARM.Build.0 = Release|Any CPU
		{A7210412-22CE-4C5C-8B63-4FFB7A8CFFF7}.Windows|ARM64.ActiveCfg = Release|Any CPU
		{A7210412-22CE-4C5C-8B63-4FFB7A8CFFF7}.Windows|ARM64.Build.0 = Release|Any CPU
		{A7210412-22CE-4C5C-8B63-4FFB7A8CFFF7}.Windows|x64.ActiveCfg = Release|Any CPU
		{A7210412-22CE-4C5C-8B63-4FFB7A8CFFF7}.Windows|x64.Build.0 = Release|Any CPU
		{A7210412-22CE-4C5C-8B63-4FFB7A8CFFF7}.Windows|x86.ActiveCfg = Release|Any CPU
		{A7210412-22CE-4C5C-8B63-4FFB7A8CFFF7}.Windows|x86.Build.0 = Release|Any CPU
		{1CBA658A-4A31-4676-B7D0-14128B328238}.Android|Any CPU.ActiveCfg = Release|x64
		{1CBA658A-4A31-4676-B7D0-14128B328238}.Android|Any CPU.Build.0 = Release|x64
		{1CBA658A-4A31-4676-B7D0-14128B328238}.Android|Any CPU.Deploy.0 = Release|x64
		{1CBA658A-4A31-4676-B7D0-14128B328238}.Android|ARM.ActiveCfg = Release|ARM
		{1CBA658A-4A31-4676-B7D0-14128B328238}.Android|ARM.Build.0 = Release|ARM
		{1CBA658A-4A31-4676-B7D0-14128B328238}.Android|ARM.Deploy.0 = Release|ARM
		{1CBA658A-4A31-4676-B7D0-14128B328238}.Android|ARM64.ActiveCfg = Release|ARM64
		{1CBA658A-4A31-4676-B7D0-14128B328238}.Android|ARM64.Build.0 = Release|ARM64
		{1CBA658A-4A31-4676-B7D0-14128B328238}.Android|ARM64.Deploy.0 = Release|ARM64
		{1CBA658A-4A31-4676-B7D0-14128B328238}.Android|x64.ActiveCfg = Release|x64
		{1CBA658A-4A31-4676-B7D0-14128B328238}.Android|x64.Build.0 = Release|x64
		{1CBA658A-4A31-4676-B7D0-14128B328238}.Android|x64.Deploy.0 = Release|x64
		{1CBA658A-4A31-4676-B7D0-14128B328238}.Android|x86.ActiveCfg = Release|x86
		{1CBA658A-4A31-4676-B7D0-14128B328238}.Android|x86.Build.0 = Release|x86
		{1CBA658A-4A31-4676-B7D0-14128B328238}.Android|x86.Deploy.0 = Release|x86
		{1CBA658A-4A31-4676-B7D0-14128B328238}.Debug|Any CPU.ActiveCfg = Debug|x86
		{1CBA658A-4A31-4676-B7D0-14128B328238}.Debug|ARM.ActiveCfg = Debug|ARM
		{1CBA658A-4A31-4676-B7D0-14128B328238}.Debug|ARM.Build.0 = Debug|ARM
		{1CBA658A-4A31-4676-B7D0-14128B328238}.Debug|ARM.Deploy.0 = Debug|ARM
		{1CBA658A-4A31-4676-B7D0-14128B328238}.Debug|ARM64.ActiveCfg = Debug|ARM64
		{1CBA658A-4A31-4676-B7D0-14128B328238}.Debug|ARM64.Build.0 = Debug|ARM64
		{1CBA658A-4A31-4676-B7D0-14128B328238}.Debug|ARM64.Deploy.0 = Debug|ARM64
		{1CBA658A-4A31-4676-B7D0-14128B328238}.Debug|x64.ActiveCfg = Debug|x64
		{1CBA658A-4A31-4676-B7D0-14128B328238}.Debug|x64.Build.0 = Debug|x64
		{1CBA658A-4A31-4676-B7D0-14128B328238}.Debug|x64.Deploy.0 = Debug|x64
		{1CBA658A-4A31-4676-B7D0-14128B328238}.Debug|x86.ActiveCfg = Debug|x86
		{1CBA658A-4A31-4676-B7D0-14128B328238}.Debug|x86.Build.0 = Debug|x86
		{1CBA658A-4A31-4676-B7D0-14128B328238}.Debug|x86.Deploy.0 = Debug|x86
		{1CBA658A-4A31-4676-B7D0-14128B328238}.Linux|Any CPU.ActiveCfg = Release|x64
		{1CBA658A-4A31-4676-B7D0-14128B328238}.Linux|Any CPU.Build.0 = Release|x64
		{1CBA658A-4A31-4676-B7D0-14128B328238}.Linux|Any CPU.Deploy.0 = Release|x64
		{1CBA658A-4A31-4676-B7D0-14128B328238}.Linux|ARM.ActiveCfg = Release|ARM
		{1CBA658A-4A31-4676-B7D0-14128B328238}.Linux|ARM.Build.0 = Release|ARM
		{1CBA658A-4A31-4676-B7D0-14128B328238}.Linux|ARM.Deploy.0 = Release|ARM
		{1CBA658A-4A31-4676-B7D0-14128B328238}.Linux|ARM64.ActiveCfg = Release|ARM64
		{1CBA658A-4A31-4676-B7D0-14128B328238}.Linux|ARM64.Build.0 = Release|ARM64
		{1CBA658A-4A31-4676-B7D0-14128B328238}.Linux|ARM64.Deploy.0 = Release|ARM64
		{1CBA658A-4A31-4676-B7D0-14128B328238}.Linux|x64.ActiveCfg = Release|x64
		{1CBA658A-4A31-4676-B7D0-14128B328238}.Linux|x64.Build.0 = Release|x64
		{1CBA658A-4A31-4676-B7D0-14128B328238}.Linux|x64.Deploy.0 = Release|x64
		{1CBA658A-4A31-4676-B7D0-14128B328238}.Linux|x86.ActiveCfg = Release|x86
		{1CBA658A-4A31-4676-B7D0-14128B328238}.Linux|x86.Build.0 = Release|x86
		{1CBA658A-4A31-4676-B7D0-14128B328238}.Linux|x86.Deploy.0 = Release|x86
		{1CBA658A-4A31-4676-B7D0-14128B328238}.Release|Any CPU.ActiveCfg = Release|x86
		{1CBA658A-4A31-4676-B7D0-14128B328238}.Release|ARM.ActiveCfg = Release|ARM
		{1CBA658A-4A31-4676-B7D0-14128B328238}.Release|ARM.Build.0 = Release|ARM
		{1CBA658A-4A31-4676-B7D0-14128B328238}.Release|ARM.Deploy.0 = Release|ARM
		{1CBA658A-4A31-4676-B7D0-14128B328238}.Release|ARM64.ActiveCfg = Release|ARM64
		{1CBA658A-4A31-4676-B7D0-14128B328238}.Release|ARM64.Build.0 = Release|ARM64
		{1CBA658A-4A31-4676-B7D0-14128B328238}.Release|ARM64.Deploy.0 = Release|ARM64
		{1CBA658A-4A31-4676-B7D0-14128B328238}.Release|x64.ActiveCfg = Release|x64
		{1CBA658A-4A31-4676-B7D0-14128B328238}.Release|x64.Build.0 = Release|x64
		{1CBA658A-4A31-4676-B7D0-14128B328238}.Release|x64.Deploy.0 = Release|x64
		{1CBA658A-4A31-4676-B7D0-14128B328238}.Release|x86.ActiveCfg = Release|x86
		{1CBA658A-4A31-4676-B7D0-14128B328238}.Release|x86.Build.0 = Release|x86
		{1CBA658A-4A31-4676-B7D0-14128B328238}.Release|x86.Deploy.0 = Release|x86
		{1CBA658A-4A31-4676-B7D0-14128B328238}.Windows|Any CPU.ActiveCfg = Release|x64
		{1CBA658A-4A31-4676-B7D0-14128B328238}.Windows|Any CPU.Build.0 = Release|x64
		{1CBA658A-4A31-4676-B7D0-14128B328238}.Windows|Any CPU.Deploy.0 = Release|x64
		{1CBA658A-4A31-4676-B7D0-14128B328238}.Windows|ARM.ActiveCfg = Release|ARM
		{1CBA658A-4A31-4676-B7D0-14128B328238}.Windows|ARM.Build.0 = Release|ARM
		{1CBA658A-4A31-4676-B7D0-14128B328238}.Windows|ARM.Deploy.0 = Release|ARM
		{1CBA658A-4A31-4676-B7D0-14128B328238}.Windows|ARM64.ActiveCfg = Release|ARM64
		{1CBA658A-4A31-4676-B7D0-14128B328238}.Windows|ARM64.Build.0 = Release|ARM64
		{1CBA658A-4A31-4676-B7D0-14128B328238}.Windows|ARM64.Deploy.0 = Release|ARM64
		{1CBA658A-4A31-4676-B7D0-14128B328238}.Windows|x64.ActiveCfg = Release|x64
		{1CBA658A-4A31-4676-B7D0-14128B328238}.Windows|x64.Build.0 = Release|x64
		{1CBA658A-4A31-4676-B7D0-14128B328238}.Windows|x64.Deploy.0 = Release|x64
		{1CBA658A-4A31-4676-B7D0-14128B328238}.Windows|x86.ActiveCfg = Release|x86
		{1CBA658A-4A31-4676-B7D0-14128B328238}.Windows|x86.Build.0 = Release|x86
		{1CBA658A-4A31-4676-B7D0-14128B328238}.Windows|x86.Deploy.0 = Release|x86
	EndGlobalSection
	GlobalSection(SolutionProperties) = preSolution
		HideSolutionNode = FALSE
	EndGlobalSection
	GlobalSection(ExtensibilityGlobals) = postSolution
		SolutionGuid = {59709E09-9ADF-4D28-8E4A-396234BBC5AA}
	EndGlobalSection
EndGlobal
